
Microsoft Visual Studio Solution File, Format Version 12.00
# Visual Studio Version 17
VisualStudioVersion = 17.9.34714.143
MinimumVisualStudioVersion = 10.0.40219.1
Project("{FAE04EC0-301F-11D3-BF4B-00C04F79EFBC}") = "ImplementationRevitAPI", "ImplementationRevitAPI\ImplementationRevitAPI.csproj", "{BB73748E-5C7E-4331-ADA8-12F09F5FCB12}"
EndProject
Global
	GlobalSection(SolutionConfigurationPlatforms) = preSolution
		Debug|Any CPU = Debug|Any CPU
		Release|Any CPU = Release|Any CPU
	EndGlobalSection
	GlobalSection(ProjectConfigurationPlatforms) = postSolution
		{BB73748E-5C7E-4331-ADA8-12F09F5FCB12}.Debug|Any CPU.ActiveCfg = Debug|Any CPU
		{BB73748E-5C7E-4331-ADA8-12F09F5FCB12}.Debug|Any CPU.Build.0 = Debug|Any CPU
		{BB73748E-5C7E-4331-ADA8-12F09F5FCB12}.Release|Any CPU.ActiveCfg = Release|Any CPU
		{BB73748E-5C7E-4331-ADA8-12F09F5FCB12}.Release|Any CPU.Build.0 = Release|Any CPU
	EndGlobalSection
	GlobalSection(SolutionProperties) = preSolution
		HideSolutionNode = FALSE
	EndGlobalSection
	GlobalSection(ExtensibilityGlobals) = postSolution
		SolutionGuid = {FD5FF8AC-0A2E-4B81-9593-8FD141198443}
	EndGlobalSection
EndGlobal
